
Microsoft Visual Studio Solution File, Format Version 12.00
# Visual Studio Version 17
VisualStudioVersion = 17.14.36414.22 d17.14
MinimumVisualStudioVersion = 10.0.40219.1
Project("{FAE04EC0-301F-11D3-BF4B-00C04F79EFBC}") = "FirstProject", "FirstProject\FirstProject.csproj", "{4AF2ABA9-5031-4806-AB59-B908292F61AA}"
EndProject
Global
	GlobalSection(SolutionConfigurationPlatforms) = preSolution
		Debug|Any CPU = Debug|Any CPU
		Release|Any CPU = Release|Any CPU
	EndGlobalSection
	GlobalSection(ProjectConfigurationPlatforms) = postSolution
		{4AF2ABA9-5031-4806-AB59-B908292F61AA}.Debug|Any CPU.ActiveCfg = Debug|Any CPU
		{4AF2ABA9-5031-4806-AB59-B908292F61AA}.Debug|Any CPU.Build.0 = Debug|Any CPU
		{4AF2ABA9-5031-4806-AB59-B908292F61AA}.Release|Any CPU.ActiveCfg = Release|Any CPU
		{4AF2ABA9-5031-4806-AB59-B908292F61AA}.Release|Any CPU.Build.0 = Release|Any CPU
	EndGlobalSection
	GlobalSection(SolutionProperties) = preSolution
		HideSolutionNode = FALSE
	EndGlobalSection
	GlobalSection(ExtensibilityGlobals) = postSolution
		SolutionGuid = {CD0724C4-63EA-498B-A3EE-63E18023007F}
	EndGlobalSection
EndGlobal
